
Microsoft Visual Studio Solution File, Format Version 12.00
# Visual Studio Version 17
VisualStudioVersion = 17.6.33829.357
MinimumVisualStudioVersion = 10.0.40219.1
Project("{9A19103F-16F7-4668-BE54-9A1E7A4F7556}") = "FourLeafCloverShoe", "FourLeafCloverShoe\FourLeafCloverShoe.csproj", "{30B04D39-93D4-438E-83D6-E98AF40C6C32}"
EndProject
Project("{9A19103F-16F7-4668-BE54-9A1E7A4F7556}") = "FourLeafCloverShoe.Share", "FourLeafCloverShoe.Share\FourLeafCloverShoe.Share.csproj", "{506751AF-A295-4E67-8358-A76816DD75A2}"
EndProject
Global
	GlobalSection(SolutionConfigurationPlatforms) = preSolution
		Debug|Any CPU = Debug|Any CPU
		Release|Any CPU = Release|Any CPU
	EndGlobalSection
	GlobalSection(ProjectConfigurationPlatforms) = postSolution
		{30B04D39-93D4-438E-83D6-E98AF40C6C32}.Debug|Any CPU.ActiveCfg = Debug|Any CPU
		{30B04D39-93D4-438E-83D6-E98AF40C6C32}.Debug|Any CPU.Build.0 = Debug|Any CPU
		{30B04D39-93D4-438E-83D6-E98AF40C6C32}.Release|Any CPU.ActiveCfg = Release|Any CPU
		{30B04D39-93D4-438E-83D6-E98AF40C6C32}.Release|Any CPU.Build.0 = Release|Any CPU
		{506751AF-A295-4E67-8358-A76816DD75A2}.Debug|Any CPU.ActiveCfg = Debug|Any CPU
		{506751AF-A295-4E67-8358-A76816DD75A2}.Debug|Any CPU.Build.0 = Debug|Any CPU
		{506751AF-A295-4E67-8358-A76816DD75A2}.Release|Any CPU.ActiveCfg = Release|Any CPU
		{506751AF-A295-4E67-8358-A76816DD75A2}.Release|Any CPU.Build.0 = Release|Any CPU
	EndGlobalSection
	GlobalSection(SolutionProperties) = preSolution
		HideSolutionNode = FALSE
	EndGlobalSection
	GlobalSection(ExtensibilityGlobals) = postSolution
		SolutionGuid = {75D3D67B-EFD1-40FD-A289-0A59E30BA58C}
	EndGlobalSection
EndGlobal
